
Microsoft Visual Studio Solution File, Format Version 12.00
# Visual Studio Version 17
VisualStudioVersion = 17.3.32929.385
MinimumVisualStudioVersion = 10.0.40219.1
Project("{FAE04EC0-301F-11D3-BF4B-00C04F79EFBC}") = "Arrays", "Arrays.csproj", "{D64E9692-BB20-4FAC-819E-9B7A063D023C}"
EndProject
Global
	GlobalSection(SolutionConfigurationPlatforms) = preSolution
		Debug|Any CPU = Debug|Any CPU
		Release|Any CPU = Release|Any CPU
	EndGlobalSection
	GlobalSection(ProjectConfigurationPlatforms) = postSolution
		{D64E9692-BB20-4FAC-819E-9B7A063D023C}.Debug|Any CPU.ActiveCfg = Debug|Any CPU
		{D64E9692-BB20-4FAC-819E-9B7A063D023C}.Debug|Any CPU.Build.0 = Debug|Any CPU
		{D64E9692-BB20-4FAC-819E-9B7A063D023C}.Release|Any CPU.ActiveCfg = Release|Any CPU
		{D64E9692-BB20-4FAC-819E-9B7A063D023C}.Release|Any CPU.Build.0 = Release|Any CPU
	EndGlobalSection
	GlobalSection(SolutionProperties) = preSolution
		HideSolutionNode = FALSE
	EndGlobalSection
	GlobalSection(ExtensibilityGlobals) = postSolution
		SolutionGuid = {5CC02647-ADA9-43ED-91FE-1C5D8F656851}
	EndGlobalSection
EndGlobal
